
Microsoft Visual Studio Solution File, Format Version 12.00
# Visual Studio Version 17
VisualStudioVersion = 17.13.35806.99
MinimumVisualStudioVersion = 10.0.40219.1
Project("{FAE04EC0-301F-11D3-BF4B-00C04F79EFBC}") = "CursoBlazor_Primera_App", "CursoBlazor_Primera_App\CursoBlazor_Primera_App\CursoBlazor_Primera_App.csproj", "{ECC16493-EBB0-4B75-B133-4F191BD12868}"
EndProject
Project("{FAE04EC0-301F-11D3-BF4B-00C04F79EFBC}") = "CursoBlazor_Primera_App.Client", "CursoBlazor_Primera_App\CursoBlazor_Primera_App.Client\CursoBlazor_Primera_App.Client.csproj", "{0BCEA57D-3884-444E-9D07-1E4BC253A595}"
EndProject
Project("{FAE04EC0-301F-11D3-BF4B-00C04F79EFBC}") = "Proyecto_Ventas", "Proyecto_Ventas\Proyecto_Ventas\Proyecto_Ventas.csproj", "{5B80DC34-DCDE-4E66-BED6-128A00475005}"
EndProject
Project("{FAE04EC0-301F-11D3-BF4B-00C04F79EFBC}") = "Proyecto_Ventas.Client", "Proyecto_Ventas\Proyecto_Ventas.Client\Proyecto_Ventas.Client.csproj", "{BAA2EEE4-ECB4-44E9-965B-4AE9439CB3B1}"
EndProject
Project("{FAE04EC0-301F-11D3-BF4B-00C04F79EFBC}") = "Proyecto_Ventas.Shared", "Proyecto_Ventas.Shared\Proyecto_Ventas.Shared.csproj", "{6D3910D0-468C-4035-9830-4F94251EC0BE}"
EndProject
Global
	GlobalSection(SolutionConfigurationPlatforms) = preSolution
		Debug|Any CPU = Debug|Any CPU
		Release|Any CPU = Release|Any CPU
	EndGlobalSection
	GlobalSection(ProjectConfigurationPlatforms) = postSolution
		{ECC16493-EBB0-4B75-B133-4F191BD12868}.Debug|Any CPU.ActiveCfg = Debug|Any CPU
		{ECC16493-EBB0-4B75-B133-4F191BD12868}.Debug|Any CPU.Build.0 = Debug|Any CPU
		{ECC16493-EBB0-4B75-B133-4F191BD12868}.Release|Any CPU.ActiveCfg = Release|Any CPU
		{ECC16493-EBB0-4B75-B133-4F191BD12868}.Release|Any CPU.Build.0 = Release|Any CPU
		{0BCEA57D-3884-444E-9D07-1E4BC253A595}.Debug|Any CPU.ActiveCfg = Debug|Any CPU
		{0BCEA57D-3884-444E-9D07-1E4BC253A595}.Debug|Any CPU.Build.0 = Debug|Any CPU
		{0BCEA57D-3884-444E-9D07-1E4BC253A595}.Release|Any CPU.ActiveCfg = Release|Any CPU
		{0BCEA57D-3884-444E-9D07-1E4BC253A595}.Release|Any CPU.Build.0 = Release|Any CPU
		{5B80DC34-DCDE-4E66-BED6-128A00475005}.Debug|Any CPU.ActiveCfg = Debug|Any CPU
		{5B80DC34-DCDE-4E66-BED6-128A00475005}.Debug|Any CPU.Build.0 = Debug|Any CPU
		{5B80DC34-DCDE-4E66-BED6-128A00475005}.Release|Any CPU.ActiveCfg = Release|Any CPU
		{5B80DC34-DCDE-4E66-BED6-128A00475005}.Release|Any CPU.Build.0 = Release|Any CPU
		{BAA2EEE4-ECB4-44E9-965B-4AE9439CB3B1}.Debug|Any CPU.ActiveCfg = Debug|Any CPU
		{BAA2EEE4-ECB4-44E9-965B-4AE9439CB3B1}.Debug|Any CPU.Build.0 = Debug|Any CPU
		{BAA2EEE4-ECB4-44E9-965B-4AE9439CB3B1}.Release|Any CPU.ActiveCfg = Release|Any CPU
		{BAA2EEE4-ECB4-44E9-965B-4AE9439CB3B1}.Release|Any CPU.Build.0 = Release|Any CPU
		{6D3910D0-468C-4035-9830-4F94251EC0BE}.Debug|Any CPU.ActiveCfg = Debug|Any CPU
		{6D3910D0-468C-4035-9830-4F94251EC0BE}.Debug|Any CPU.Build.0 = Debug|Any CPU
		{6D3910D0-468C-4035-9830-4F94251EC0BE}.Release|Any CPU.ActiveCfg = Release|Any CPU
		{6D3910D0-468C-4035-9830-4F94251EC0BE}.Release|Any CPU.Build.0 = Release|Any CPU
	EndGlobalSection
	GlobalSection(SolutionProperties) = preSolution
		HideSolutionNode = FALSE
	EndGlobalSection
	GlobalSection(ExtensibilityGlobals) = postSolution
		SolutionGuid = {D27AB3F1-BCF9-4B73-8AEF-D9947BFFC29F}
	EndGlobalSection
EndGlobal
